
Microsoft Visual Studio Solution File, Format Version 12.00
# Visual Studio 15
VisualStudioVersion = 15.0.27130.2010
MinimumVisualStudioVersion = 10.0.40219.1
Project("{2150E333-8FDC-42A3-9474-1A3956D46DE8}") = "TestIn", "TestIn", "{0824B033-ABEE-486D-B1F8-9E920C95FC36}"
EndProject
Project("{2150E333-8FDC-42A3-9474-1A3956D46DE8}") = "CSuperSocket", "CSuperSocket", "{4EA75670-2928-42EC-B9B9-2C82B45B62E5}"
EndProject
Project("{9A19103F-16F7-4668-BE54-9A1E7A4F7556}") = "CSuperSocket.Common", "CSuperSocket\CSuperSocket.Common\CSuperSocket.Common.csproj", "{BAC6F034-1E60-4395-AF2E-C6DB6C17784A}"
EndProject
Project("{9A19103F-16F7-4668-BE54-9A1E7A4F7556}") = "CSuperSocket.Dlr", "CSuperSocket\CSuperSocket.Dlr\CSuperSocket.Dlr.csproj", "{8A151AB4-932C-44DF-B0B7-35ED3C0AE273}"
EndProject
Project("{9A19103F-16F7-4668-BE54-9A1E7A4F7556}") = "CSuperSocket.Facility", "CSuperSocket\CSuperSocket.Facility\CSuperSocket.Facility.csproj", "{28CF59AC-A636-41CD-AA90-59D392DC28AD}"
EndProject
Project("{9A19103F-16F7-4668-BE54-9A1E7A4F7556}") = "CSuperSocket.ProtoBase", "CSuperSocket\CSuperSocket.ProtoBase\CSuperSocket.ProtoBase.csproj", "{CCF43225-A11D-48FB-93F9-7455B483747C}"
EndProject
Project("{9A19103F-16F7-4668-BE54-9A1E7A4F7556}") = "CSuperSocket.SocketEngine", "CSuperSocket\CSuperSocket.SocketEngine\CSuperSocket.SocketEngine.csproj", "{14320E9B-6CFF-43C4-806E-A4D3784D6B6C}"
EndProject
Project("{9A19103F-16F7-4668-BE54-9A1E7A4F7556}") = "CSuperSocket.SocketBase", "CSuperSocket\CSuperSocket.SocketBase\CSuperSocket.SocketBase.csproj", "{F682CBAB-AC65-46F8-BA4C-102A0998BC47}"
EndProject
Project("{2150E333-8FDC-42A3-9474-1A3956D46DE8}") = "MiddleWare", "MiddleWare", "{71DF5516-09E5-4F57-9DF9-825D05E2EB8F}"
EndProject
Project("{2150E333-8FDC-42A3-9474-1A3956D46DE8}") = "plugs", "plugs", "{1BF724C4-04FF-44BB-A876-B4E123CCD4E5}"
EndProject
Project("{2150E333-8FDC-42A3-9474-1A3956D46DE8}") = "ApiDoc", "ApiDoc", "{256BD66F-6386-477C-9B1E-95C60A94325C}"
EndProject
Project("{9A19103F-16F7-4668-BE54-9A1E7A4F7556}") = "Swashbuckle.AspNetCore", "ApiDoc\Swashbuckle.AspNetCore\Swashbuckle.AspNetCore.csproj", "{1DF1016D-7F18-45F0-AC01-E551EF00DE5C}"
EndProject
Project("{9A19103F-16F7-4668-BE54-9A1E7A4F7556}") = "Swashbuckle.AspNetCore.Chm", "ApiDoc\Swashbuckle.AspNetCore.Chm\Swashbuckle.AspNetCore.Chm.csproj", "{903E9D74-7C80-435D-A805-8BC3FCFC1117}"
EndProject
Project("{9A19103F-16F7-4668-BE54-9A1E7A4F7556}") = "Swashbuckle.AspNetCore.ChmGen", "ApiDoc\Swashbuckle.AspNetCore.ChmGen\Swashbuckle.AspNetCore.ChmGen.csproj", "{797BD707-E2C7-4CB5-8FC2-42D7052EC116}"
EndProject
Project("{9A19103F-16F7-4668-BE54-9A1E7A4F7556}") = "Swashbuckle.AspNetCore.ChmUI", "ApiDoc\Swashbuckle.AspNetCore.ChmUI\Swashbuckle.AspNetCore.ChmUI.csproj", "{6C673AFF-9493-42EF-AC03-3A354F6D13B7}"
EndProject
Project("{9A19103F-16F7-4668-BE54-9A1E7A4F7556}") = "Swashbuckle.AspNetCore.ReDoc", "ApiDoc\Swashbuckle.AspNetCore.ReDoc\Swashbuckle.AspNetCore.ReDoc.csproj", "{15218C16-5C60-4B22-84CA-514674BFC38C}"
EndProject
Project("{2150E333-8FDC-42A3-9474-1A3956D46DE8}") = "WebApi", "WebApi", "{B1DE20AB-C328-47F6-929B-06553BA8FD69}"
EndProject
Project("{9A19103F-16F7-4668-BE54-9A1E7A4F7556}") = "TestPlug", "MiddleWare\WebApi\plugs\TestPlug\TestPlug.csproj", "{97B4A2C4-14DD-465C-BB0C-78836E1859CA}"
EndProject
Project("{2150E333-8FDC-42A3-9474-1A3956D46DE8}") = "nuget", "nuget", "{11D9A622-C759-4417-9815-6177EEC17B5D}"
	ProjectSection(SolutionItems) = preProject
		bin\ApiDoc\Swashbuckle.AspNetCore.ApiDoc.2.0.0.nupkg = bin\ApiDoc\Swashbuckle.AspNetCore.ApiDoc.2.0.0.nupkg
	EndProjectSection
EndProject
Project("{2150E333-8FDC-42A3-9474-1A3956D46DE8}") = "nuget", "nuget", "{1971E05F-4D6B-4F9A-A1DB-8AE3102B122B}"
	ProjectSection(SolutionItems) = preProject
		bin\CSuperSocket\CSuperSocket.All.2.1.2.nupkg = bin\CSuperSocket\CSuperSocket.All.2.1.2.nupkg
	EndProjectSection
EndProject
Global
	GlobalSection(SolutionConfigurationPlatforms) = preSolution
		Debug|Any CPU = Debug|Any CPU
		Release|Any CPU = Release|Any CPU
	EndGlobalSection
	GlobalSection(ProjectConfigurationPlatforms) = postSolution
		{BAC6F034-1E60-4395-AF2E-C6DB6C17784A}.Debug|Any CPU.ActiveCfg = Debug|Any CPU
		{BAC6F034-1E60-4395-AF2E-C6DB6C17784A}.Debug|Any CPU.Build.0 = Debug|Any CPU
		{BAC6F034-1E60-4395-AF2E-C6DB6C17784A}.Release|Any CPU.ActiveCfg = Release|Any CPU
		{BAC6F034-1E60-4395-AF2E-C6DB6C17784A}.Release|Any CPU.Build.0 = Release|Any CPU
		{8A151AB4-932C-44DF-B0B7-35ED3C0AE273}.Debug|Any CPU.ActiveCfg = Debug|Any CPU
		{8A151AB4-932C-44DF-B0B7-35ED3C0AE273}.Debug|Any CPU.Build.0 = Debug|Any CPU
		{8A151AB4-932C-44DF-B0B7-35ED3C0AE273}.Release|Any CPU.ActiveCfg = Release|Any CPU
		{8A151AB4-932C-44DF-B0B7-35ED3C0AE273}.Release|Any CPU.Build.0 = Release|Any CPU
		{28CF59AC-A636-41CD-AA90-59D392DC28AD}.Debug|Any CPU.ActiveCfg = Debug|Any CPU
		{28CF59AC-A636-41CD-AA90-59D392DC28AD}.Debug|Any CPU.Build.0 = Debug|Any CPU
		{28CF59AC-A636-41CD-AA90-59D392DC28AD}.Release|Any CPU.ActiveCfg = Release|Any CPU
		{28CF59AC-A636-41CD-AA90-59D392DC28AD}.Release|Any CPU.Build.0 = Release|Any CPU
		{CCF43225-A11D-48FB-93F9-7455B483747C}.Debug|Any CPU.ActiveCfg = Debug|Any CPU
		{CCF43225-A11D-48FB-93F9-7455B483747C}.Debug|Any CPU.Build.0 = Debug|Any CPU
		{CCF43225-A11D-48FB-93F9-7455B483747C}.Release|Any CPU.ActiveCfg = Release|Any CPU
		{CCF43225-A11D-48FB-93F9-7455B483747C}.Release|Any CPU.Build.0 = Release|Any CPU
		{14320E9B-6CFF-43C4-806E-A4D3784D6B6C}.Debug|Any CPU.ActiveCfg = Debug|Any CPU
		{14320E9B-6CFF-43C4-806E-A4D3784D6B6C}.Debug|Any CPU.Build.0 = Debug|Any CPU
		{14320E9B-6CFF-43C4-806E-A4D3784D6B6C}.Release|Any CPU.ActiveCfg = Release|Any CPU
		{14320E9B-6CFF-43C4-806E-A4D3784D6B6C}.Release|Any CPU.Build.0 = Release|Any CPU
		{F682CBAB-AC65-46F8-BA4C-102A0998BC47}.Debug|Any CPU.ActiveCfg = Debug|Any CPU
		{F682CBAB-AC65-46F8-BA4C-102A0998BC47}.Debug|Any CPU.Build.0 = Debug|Any CPU
		{F682CBAB-AC65-46F8-BA4C-102A0998BC47}.Release|Any CPU.ActiveCfg = Release|Any CPU
		{F682CBAB-AC65-46F8-BA4C-102A0998BC47}.Release|Any CPU.Build.0 = Release|Any CPU
		{1DF1016D-7F18-45F0-AC01-E551EF00DE5C}.Debug|Any CPU.ActiveCfg = Debug|Any CPU
		{1DF1016D-7F18-45F0-AC01-E551EF00DE5C}.Debug|Any CPU.Build.0 = Debug|Any CPU
		{1DF1016D-7F18-45F0-AC01-E551EF00DE5C}.Release|Any CPU.ActiveCfg = Release|Any CPU
		{1DF1016D-7F18-45F0-AC01-E551EF00DE5C}.Release|Any CPU.Build.0 = Release|Any CPU
		{903E9D74-7C80-435D-A805-8BC3FCFC1117}.Debug|Any CPU.ActiveCfg = Debug|Any CPU
		{903E9D74-7C80-435D-A805-8BC3FCFC1117}.Debug|Any CPU.Build.0 = Debug|Any CPU
		{903E9D74-7C80-435D-A805-8BC3FCFC1117}.Release|Any CPU.ActiveCfg = Release|Any CPU
		{903E9D74-7C80-435D-A805-8BC3FCFC1117}.Release|Any CPU.Build.0 = Release|Any CPU
		{797BD707-E2C7-4CB5-8FC2-42D7052EC116}.Debug|Any CPU.ActiveCfg = Debug|Any CPU
		{797BD707-E2C7-4CB5-8FC2-42D7052EC116}.Debug|Any CPU.Build.0 = Debug|Any CPU
		{797BD707-E2C7-4CB5-8FC2-42D7052EC116}.Release|Any CPU.ActiveCfg = Release|Any CPU
		{797BD707-E2C7-4CB5-8FC2-42D7052EC116}.Release|Any CPU.Build.0 = Release|Any CPU
		{6C673AFF-9493-42EF-AC03-3A354F6D13B7}.Debug|Any CPU.ActiveCfg = Debug|Any CPU
		{6C673AFF-9493-42EF-AC03-3A354F6D13B7}.Debug|Any CPU.Build.0 = Debug|Any CPU
		{6C673AFF-9493-42EF-AC03-3A354F6D13B7}.Release|Any CPU.ActiveCfg = Release|Any CPU
		{6C673AFF-9493-42EF-AC03-3A354F6D13B7}.Release|Any CPU.Build.0 = Release|Any CPU
		{15218C16-5C60-4B22-84CA-514674BFC38C}.Debug|Any CPU.ActiveCfg = Debug|Any CPU
		{15218C16-5C60-4B22-84CA-514674BFC38C}.Debug|Any CPU.Build.0 = Debug|Any CPU
		{15218C16-5C60-4B22-84CA-514674BFC38C}.Release|Any CPU.ActiveCfg = Release|Any CPU
		{15218C16-5C60-4B22-84CA-514674BFC38C}.Release|Any CPU.Build.0 = Release|Any CPU
		{97B4A2C4-14DD-465C-BB0C-78836E1859CA}.Debug|Any CPU.ActiveCfg = Debug|Any CPU
		{97B4A2C4-14DD-465C-BB0C-78836E1859CA}.Debug|Any CPU.Build.0 = Debug|Any CPU
		{97B4A2C4-14DD-465C-BB0C-78836E1859CA}.Release|Any CPU.ActiveCfg = Release|Any CPU
		{97B4A2C4-14DD-465C-BB0C-78836E1859CA}.Release|Any CPU.Build.0 = Release|Any CPU
	EndGlobalSection
	GlobalSection(SolutionProperties) = preSolution
		HideSolutionNode = FALSE
	EndGlobalSection
	GlobalSection(NestedProjects) = preSolution
		{BAC6F034-1E60-4395-AF2E-C6DB6C17784A} = {4EA75670-2928-42EC-B9B9-2C82B45B62E5}
		{8A151AB4-932C-44DF-B0B7-35ED3C0AE273} = {4EA75670-2928-42EC-B9B9-2C82B45B62E5}
		{28CF59AC-A636-41CD-AA90-59D392DC28AD} = {4EA75670-2928-42EC-B9B9-2C82B45B62E5}
		{CCF43225-A11D-48FB-93F9-7455B483747C} = {4EA75670-2928-42EC-B9B9-2C82B45B62E5}
		{14320E9B-6CFF-43C4-806E-A4D3784D6B6C} = {4EA75670-2928-42EC-B9B9-2C82B45B62E5}
		{F682CBAB-AC65-46F8-BA4C-102A0998BC47} = {4EA75670-2928-42EC-B9B9-2C82B45B62E5}
		{1BF724C4-04FF-44BB-A876-B4E123CCD4E5} = {B1DE20AB-C328-47F6-929B-06553BA8FD69}
		{1DF1016D-7F18-45F0-AC01-E551EF00DE5C} = {256BD66F-6386-477C-9B1E-95C60A94325C}
		{903E9D74-7C80-435D-A805-8BC3FCFC1117} = {256BD66F-6386-477C-9B1E-95C60A94325C}
		{797BD707-E2C7-4CB5-8FC2-42D7052EC116} = {256BD66F-6386-477C-9B1E-95C60A94325C}
		{6C673AFF-9493-42EF-AC03-3A354F6D13B7} = {256BD66F-6386-477C-9B1E-95C60A94325C}
		{15218C16-5C60-4B22-84CA-514674BFC38C} = {256BD66F-6386-477C-9B1E-95C60A94325C}
		{B1DE20AB-C328-47F6-929B-06553BA8FD69} = {71DF5516-09E5-4F57-9DF9-825D05E2EB8F}
		{97B4A2C4-14DD-465C-BB0C-78836E1859CA} = {1BF724C4-04FF-44BB-A876-B4E123CCD4E5}
		{11D9A622-C759-4417-9815-6177EEC17B5D} = {256BD66F-6386-477C-9B1E-95C60A94325C}
		{1971E05F-4D6B-4F9A-A1DB-8AE3102B122B} = {4EA75670-2928-42EC-B9B9-2C82B45B62E5}
	EndGlobalSection
	GlobalSection(ExtensibilityGlobals) = postSolution
		SolutionGuid = {A8684CB3-1BCD-49D5-9B62-88464D9E1F61}
	EndGlobalSection
EndGlobal
